<Solution>
    <Folder Name="/Misc/">
        <File Path=".gitignore"/>
        <File Path=".editorconfig"/>
        <File Path="README.md"/>
    </Folder>
    <Project Path="src\Huskui.Avalonia\Huskui.Avalonia.csproj" Type="Classic C#"/>
    <Project Path="src\Huskui.Gallery\Huskui.Gallery.csproj" Type="Classic C#"/>
</Solution>
