
Microsoft Visual Studio Solution File, Format Version 12.00
Project("{FAE04EC0-301F-11D3-BF4B-00C04F79EFBC}") = "Huskui.Avalonia", "src\Huskui.Avalonia\Huskui.Avalonia.csproj", "{5D6BBAB3-F508-44E5-8E96-980771F7AD3E}"
EndProject
Project("{FAE04EC0-301F-11D3-BF4B-00C04F79EFBC}") = "Huskui.Gallery", "src\Huskui.Gallery\Huskui.Gallery.csproj", "{883EDA6C-53C4-4E59-A4C6-484E1E0A5AED}"
EndProject
Project("{2150E333-8FDC-42A3-9474-1A3956D46DE8}") = "Misc", "Misc", "{CF26F04A-B887-43DB-AEF3-A225289E1454}"
	ProjectSection(SolutionItems) = preProject
		.gitignore = .gitignore
		.editorconfig = .editorconfig
		README.md = README.md
	EndProjectSection
EndProject
Global
	GlobalSection(SolutionConfigurationPlatforms) = preSolution
		Debug|Any CPU = Debug|Any CPU
		Release|Any CPU = Release|Any CPU
	EndGlobalSection
	GlobalSection(ProjectConfigurationPlatforms) = postSolution
		{5D6BBAB3-F508-44E5-8E96-980771F7AD3E}.Debug|Any CPU.ActiveCfg = Debug|Any CPU
		{5D6BBAB3-F508-44E5-8E96-980771F7AD3E}.Debug|Any CPU.Build.0 = Debug|Any CPU
		{5D6BBAB3-F508-44E5-8E96-980771F7AD3E}.Release|Any CPU.ActiveCfg = Release|Any CPU
		{5D6BBAB3-F508-44E5-8E96-980771F7AD3E}.Release|Any CPU.Build.0 = Release|Any CPU
		{883EDA6C-53C4-4E59-A4C6-484E1E0A5AED}.Debug|Any CPU.ActiveCfg = Debug|Any CPU
		{883EDA6C-53C4-4E59-A4C6-484E1E0A5AED}.Debug|Any CPU.Build.0 = Debug|Any CPU
		{883EDA6C-53C4-4E59-A4C6-484E1E0A5AED}.Release|Any CPU.ActiveCfg = Release|Any CPU
		{883EDA6C-53C4-4E59-A4C6-484E1E0A5AED}.Release|Any CPU.Build.0 = Release|Any CPU
	EndGlobalSection
EndGlobal
